// !$*UTF8*$!
{
	archiveVersion = 1;
	classes = {
	};
	objectVersion = 50;
	objects = {

/* Begin PBXBuildFile section */
		1CB91409220CC1C3002F1618 /* AppDelegate.swift in Sources */ = {isa = PBXBuildFile; fileRef = 1CB91408220CC1C3002F1618 /* AppDelegate.swift */; };
		1CB9140B220CC1C3002F1618 /* ViewController.swift in Sources */ = {isa = PBXBuildFile; fileRef = 1CB9140A220CC1C3002F1618 /* ViewController.swift */; };
		1CB9140E220CC1C3002F1618 /* Main.storyboard in Resources */ = {isa = PBXBuildFile; fileRef = 1CB9140C220CC1C3002F1618 /* Main.storyboard */; };
		1CB91411220CC1C3002F1618 /* TinkoffChat.xcdatamodeld in Sources */ = {isa = PBXBuildFile; fileRef = 1CB9140F220CC1C3002F1618 /* TinkoffChat.xcdatamodeld */; };
		1CB91413220CC1C3002F1618 /* Assets.xcassets in Resources */ = {isa = PBXBuildFile; fileRef = 1CB91412220CC1C3002F1618 /* Assets.xcassets */; };
		1CB91416220CC1C3002F1618 /* LaunchScreen.storyboard in Resources */ = {isa = PBXBuildFile; fileRef = 1CB91414220CC1C3002F1618 /* LaunchScreen.storyboard */; };
/* End PBXBuildFile section */

/* Begin PBXFileReference section */
		1CB91405220CC1C3002F1618 /* TinkoffChat.app */ = {isa = PBXFileReference; explicitFileType = wrapper.application; includeInIndex = 0; path = TinkoffChat.app; sourceTree = BUILT_PRODUCTS_DIR; };
		1CB91408220CC1C3002F1618 /* AppDelegate.swift */ = {isa = PBXFileReference; lastKnownFileType = sourcecode.swift; path = AppDelegate.swift; sourceTree = "<group>"; };
		1CB9140A220CC1C3002F1618 /* ViewController.swift */ = {isa = PBXFileReference; lastKnownFileType = sourcecode.swift; path = ViewController.swift; sourceTree = "<group>"; };
		1CB9140D220CC1C3002F1618 /* Base */ = {isa = PBXFileReference; lastKnownFileType = file.storyboard; name = Base; path = Base.lproj/Main.storyboard; sourceTree = "<group>"; };
		1CB91410220CC1C3002F1618 /* TinkoffChat.xcdatamodel */ = {isa = PBXFileReference; lastKnownFileType = wrapper.xcdatamodel; path = TinkoffChat.xcdatamodel; sourceTree = "<group>"; };
		1CB91412220CC1C3002F1618 /* Assets.xcassets */ = {isa = PBXFileReference; lastKnownFileType = folder.assetcatalog; path = Assets.xcassets; sourceTree = "<group>"; };
		1CB91415220CC1C3002F1618 /* Base */ = {isa = PBXFileReference; lastKnownFileType = file.storyboard; name = Base; path = Base.lproj/LaunchScreen.storyboard; sourceTree = "<group>"; };
		1CB91417220CC1C3002F1618 /* Info.plist */ = {isa = PBXFileReference; lastKnownFileType = text.plist.xml; path = Info.plist; sourceTree = "<group>"; };
/* End PBXFileReference section */

/* Begin PBXFrameworksBuildPhase section */
		1CB91402220CC1C3002F1618 /* Frameworks */ = {
			isa = PBXFrameworksBuildPhase;
			buildActionMask = 2147483647;
			files = (
			);
			runOnlyForDeploymentPostprocessing = 0;
		};
/* End PBXFrameworksBuildPhase section */

/* Begin PBXGroup section */
		1CB913FC220CC1C3002F1618 = {
			isa = PBXGroup;
			children = (
				1CB91407220CC1C3002F1618 /* TinkoffChat */,
				1CB91406220CC1C3002F1618 /* Products */,
			);
			sourceTree = "<group>";
		};
		1CB91406220CC1C3002F1618 /* Products */ = {
			isa = PBXGroup;
			children = (
				1CB91405220CC1C3002F1618 /* TinkoffChat.app */,
			);
			name = Products;
			sourceTree = "<group>";
		};
		1CB91407220CC1C3002F1618 /* TinkoffChat */ = {
			isa = PBXGroup;
			children = (
				1CB91408220CC1C3002F1618 /* AppDelegate.swift */,
				1CB9140A220CC1C3002F1618 /* ViewController.swift */,
				1CB9140C220CC1C3002F1618 /* Main.storyboard */,
				1CB91412220CC1C3002F1618 /* Assets.xcassets */,
				1CB91414220CC1C3002F1618 /* LaunchScreen.storyboard */,
				1CB91417220CC1C3002F1618 /* Info.plist */,
				1CB9140F220CC1C3002F1618 /* TinkoffChat.xcdatamodeld */,
			);
			path = TinkoffChat;
			sourceTree = "<group>";
		};
/* End PBXGroup section */

/* Begin PBXNativeTarget section */
		1CB91404220CC1C3002F1618 /* TinkoffChat */ = {
			isa = PBXNativeTarget;
			buildConfigurationList = 1CB9141A220CC1C3002F1618 /* Build configuration list for PBXNativeTarget "TinkoffChat" */;
			buildPhases = (
				1CB91401220CC1C3002F1618 /* Sources */,
				1CB91402220CC1C3002F1618 /* Frameworks */,
				1CB91403220CC1C3002F1618 /* Resources */,
			);
			buildRules = (
			);
			dependencies = (
			);
			name = TinkoffChat;
			productName = TinkoffChat;
			productReference = 1CB91405220CC1C3002F1618 /* TinkoffChat.app */;
			productType = "com.apple.product-type.application";
		};
/* End PBXNativeTarget section */

/* Begin PBXProject section */
		1CB913FD220CC1C3002F1618 /* Project object */ = {
			isa = PBXProject;
			attributes = {
				LastSwiftUpdateCheck = 1010;
				LastUpgradeCheck = 1010;
				ORGANIZATIONNAME = "Алексей Чанов";
				TargetAttributes = {
					1CB91404220CC1C3002F1618 = {
						CreatedOnToolsVersion = 10.1;
					};
				};
			};
			buildConfigurationList = 1CB91400220CC1C3002F1618 /* Build configuration list for PBXProject "TinkoffChat" */;
			compatibilityVersion = "Xcode 9.3";
			developmentRegion = en;
			hasScannedForEncodings = 0;
			knownRegions = (
				en,
				Base,
			);
			mainGroup = 1CB913FC220CC1C3002F1618;
			productRefGroup = 1CB91406220CC1C3002F1618 /* Products */;
			projectDirPath = "";
			projectRoot = "";
			targets = (
				1CB91404220CC1C3002F1618 /* TinkoffChat */,
			);
		};
/* End PBXProject section */

/* Begin PBXResourcesBuildPhase section */
		1CB91403220CC1C3002F1618 /* Resources */ = {
			isa = PBXResourcesBuildPhase;
			buildActionMask = 2147483647;
			files = (
				1CB91416220CC1C3002F1618 /* LaunchScreen.storyboard in Resources */,
				1CB91413220CC1C3002F1618 /* Assets.xcassets in Resources */,
				1CB9140E220CC1C3002F1618 /* Main.storyboard in Resources */,
			);
			runOnlyForDeploymentPostprocessing = 0;
		};
/* End PBXResourcesBuildPhase section */

/* Begin PBXSourcesBuildPhase section */
		1CB91401220CC1C3002F1618 /* Sources */ = {
			isa = PBXSourcesBuildPhase;
			buildActionMask = 2147483647;
			files = (
				1CB9140B220CC1C3002F1618 /* ViewController.swift in Sources */,
				1CB91409220CC1C3002F1618 /* AppDelegate.swift in Sources */,
				1CB91411220CC1C3002F1618 /* TinkoffChat.xcdatamodeld in Sources */,
			);
			runOnlyForDeploymentPostprocessing = 0;
		};
/* End PBXSourcesBuildPhase section */

/* Begin PBXVariantGroup section */
		1CB9140C220CC1C3002F1618 /* Main.storyboard */ = {
			isa = PBXVariantGroup;
			children = (
				1CB9140D220CC1C3002F1618 /* Base */,
			);
			name = Main.storyboard;
			sourceTree = "<group>";
		};
		1CB91414220CC1C3002F1618 /* LaunchScreen.storyboard */ = {
			isa = PBXVariantGroup;
			children = (
				1CB91415220CC1C3002F1618 /* Base */,
			);
			name = LaunchScreen.storyboard;
			sourceTree = "<group>";
		};
/* End PBXVariantGroup section */

/* Begin XCBuildConfiguration section */
		1CB91418220CC1C3002F1618 /* Debug */ = {
			isa = XCBuildConfiguration;
			buildSettings = {
				ALWAYS_SEARCH_USER_PATHS = NO;
				CLANG_ANALYZER_NONNULL = YES;
				CLANG_ANALYZER_NUMBER_OBJECT_CONVERSION = YES_AGGRESSIVE;
				CLANG_CXX_LANGUAGE_STANDARD = "gnu++14";
				CLANG_CXX_LIBRARY = "libc++";
				CLANG_ENABLE_MODULES = YES;
				CLANG_ENABLE_OBJC_ARC = YES;
				CLANG_ENABLE_OBJC_WEAK = YES;
				CLANG_WARN_BLOCK_CAPTURE_AUTORELEASING = YES;
				CLANG_WARN_BOOL_CONVERSION = YES;
				CLANG_WARN_COMMA = YES;
				CLANG_WARN_CONSTANT_CONVERSION = YES;
				CLANG_WARN_DEPRECATED_OBJC_IMPLEMENTATIONS = YES;
				CLANG_WARN_DIRECT_OBJC_ISA_USAGE = YES_ERROR;
				CLANG_WARN_DOCUMENTATION_COMMENTS = YES;
				CLANG_WARN_EMPTY_BODY = YES;
				CLANG_WARN_ENUM_CONVERSION = YES;
				CLANG_WARN_INFINITE_RECURSION = YES;
				CLANG_WARN_INT_CONVERSION = YES;
				CLANG_WARN_NON_LITERAL_NULL_CONVERSION = YES;
				CLANG_WARN_OBJC_IMPLICIT_RETAIN_SELF = YES;
				CLANG_WARN_OBJC_LITERAL_CONVERSION = YES;
				CLANG_WARN_OBJC_ROOT_CLASS = YES_ERROR;
				CLANG_WARN_RANGE_LOOP_ANALYSIS = YES;
				CLANG_WARN_STRICT_PROTOTYPES = YES;
				CLANG_WARN_SUSPICIOUS_MOVE = YES;
				CLANG_WARN_UNGUARDED_AVAILABILITY = YES_AGGRESSIVE;
				CLANG_WARN_UNREACHABLE_CODE = YES;
				CLANG_WARN__DUPLICATE_METHOD_MATCH = YES;
				CODE_SIGN_IDENTITY = "iPhone Developer";
				COPY_PHASE_STRIP = NO;
				DEBUG_INFORMATION_FORMAT = dwarf;
				ENABLE_STRICT_OBJC_MSGSEND = YES;
				ENABLE_TESTABILITY = YES;
				GCC_C_LANGUAGE_STANDARD = gnu11;
				GCC_DYNAMIC_NO_PIC = NO;
				GCC_NO_COMMON_BLOCKS = YES;
				GCC_OPTIMIZATION_LEVEL = 0;
				GCC_PREPROCESSOR_DEFINITIONS = (
					"DEBUG=1",
					"$(inherited)",
				);
				GCC_WARN_64_TO_32_BIT_CONVERSION = YES;
				GCC_WARN_ABOUT_RETURN_TYPE = YES_ERROR;
				GCC_WARN_UNDECLARED_SELECTOR = YES;
				GCC_WARN_UNINITIALIZED_AUTOS = YES_AGGRESSIVE;
				GCC_WARN_UNUSED_FUNCTION = YES;
				GCC_WARN_UNUSED_VARIABLE = YES;
				IPHONEOS_DEPLOYMENT_TARGET = 12.1;
				MTL_ENABLE_DEBUG_INFO = INCLUDE_SOURCE;
				MTL_FAST_MATH = YES;
				ONLY_ACTIVE_ARCH = YES;
				SDKROOT = iphoneos;
				SWIFT_ACTIVE_COMPILATION_CONDITIONS = DEBUG;
				SWIFT_OPTIMIZATION_LEVEL = "-Onone";
			};
			name = Debug;
		};
		1CB91419220CC1C3002F1618 /* Release */ = {
			isa = XCBuildConfiguration;
			buildSettings = {
				ALWAYS_SEARCH_USER_PATHS = NO;
				CLANG_ANALYZER_NONNULL = YES;
				CLANG_ANALYZER_NUMBER_OBJECT_CONVERSION = YES_AGGRESSIVE;
				CLANG_CXX_LANGUAGE_STANDARD = "gnu++14";
				CLANG_CXX_LIBRARY = "libc++";
				CLANG_ENABLE_MODULES = YES;
				CLANG_ENABLE_OBJC_ARC = YES;
				CLANG_ENABLE_OBJC_WEAK = YES;
				CLANG_WARN_BLOCK_CAPTURE_AUTORELEASING = YES;
				CLANG_WARN_BOOL_CONVERSION = YES;
				CLANG_WARN_COMMA = YES;
				CLANG_WARN_CONSTANT_CONVERSION = YES;
				CLANG_WARN_DEPRECATED_OBJC_IMPLEMENTATIONS = YES;
				CLANG_WARN_DIRECT_OBJC_ISA_USAGE = YES_ERROR;
				CLANG_WARN_DOCUMENTATION_COMMENTS = YES;
				CLANG_WARN_EMPTY_BODY = YES;
				CLANG_WARN_ENUM_CONVERSION = YES;
				CLANG_WARN_INFINITE_RECURSION = YES;
				CLANG_WARN_INT_CONVERSION = YES;
				CLANG_WARN_NON_LITERAL_NULL_CONVERSION = YES;
				CLANG_WARN_OBJC_IMPLICIT_RETAIN_SELF = YES;
				CLANG_WARN_OBJC_LITERAL_CONVERSION = YES;
				CLANG_WARN_OBJC_ROOT_CLASS = YES_ERROR;
				CLANG_WARN_RANGE_LOOP_ANALYSIS = YES;
				CLANG_WARN_STRICT_PROTOTYPES = YES;
				CLANG_WARN_SUSPICIOUS_MOVE = YES;
				CLANG_WARN_UNGUARDED_AVAILABILITY = YES_AGGRESSIVE;
				CLANG_WARN_UNREACHABLE_CODE = YES;
				CLANG_WARN__DUPLICATE_METHOD_MATCH = YES;
				CODE_SIGN_IDENTITY = "iPhone Developer";
				COPY_PHASE_STRIP = NO;
				DEBUG_INFORMATION_FORMAT = "dwarf-with-dsym";
				ENABLE_NS_ASSERTIONS = NO;
				ENABLE_STRICT_OBJC_MSGSEND = YES;
				GCC_C_LANGUAGE_STANDARD = gnu11;
				GCC_NO_COMMON_BLOCKS = YES;
				GCC_WARN_64_TO_32_BIT_CONVERSION = YES;
				GCC_WARN_ABOUT_RETURN_TYPE = YES_ERROR;
				GCC_WARN_UNDECLARED_SELECTOR = YES;
				GCC_WARN_UNINITIALIZED_AUTOS = YES_AGGRESSIVE;
				GCC_WARN_UNUSED_FUNCTION = YES;
				GCC_WARN_UNUSED_VARIABLE = YES;
				IPHONEOS_DEPLOYMENT_TARGET = 12.1;
				MTL_ENABLE_DEBUG_INFO = NO;
				MTL_FAST_MATH = YES;
				SDKROOT = iphoneos;
				SWIFT_COMPILATION_MODE = wholemodule;
				SWIFT_OPTIMIZATION_LEVEL = "-O";
				VALIDATE_PRODUCT = YES;
			};
			name = Release;
		};
		1CB9141B220CC1C3002F1618 /* Debug */ = {
			isa = XCBuildConfiguration;
			buildSettings = {
				ASSETCATALOG_COMPILER_APPICON_NAME = AppIcon;
				CODE_SIGN_STYLE = Automatic;
				INFOPLIST_FILE = TinkoffChat/Info.plist;
				IPHONEOS_DEPLOYMENT_TARGET = 11.0;
				LD_RUNPATH_SEARCH_PATHS = (
					"$(inherited)",
					"@executable_path/Frameworks",
				);
				PRODUCT_BUNDLE_IDENTIFIER = "com-chanov.TinkoffChat";
				PRODUCT_NAME = "$(TARGET_NAME)";
				"SWIFT_ACTIVE_COMPILATION_CONDITIONS[arch=*]" = ON;
				SWIFT_VERSION = 4.2;
				TARGETED_DEVICE_FAMILY = 1;
			};
			name = Debug;
		};
		1CB9141C220CC1C3002F1618 /* Release */ = {
			isa = XCBuildConfiguration;
			buildSettings = {
				ASSETCATALOG_COMPILER_APPICON_NAME = AppIcon;
				CODE_SIGN_STYLE = Automatic;
				INFOPLIST_FILE = TinkoffChat/Info.plist;
				IPHONEOS_DEPLOYMENT_TARGET = 11.0;
				LD_RUNPATH_SEARCH_PATHS = (
					"$(inherited)",
					"@executable_path/Frameworks",
				);
				PRODUCT_BUNDLE_IDENTIFIER = "com-chanov.TinkoffChat";
				PRODUCT_NAME = "$(TARGET_NAME)";
				SWIFT_VERSION = 4.2;
				TARGETED_DEVICE_FAMILY = 1;
			};
			name = Release;
		};
/* End XCBuildConfiguration section */

/* Begin XCConfigurationList section */
		1CB91400220CC1C3002F1618 /* Build configuration list for PBXProject "TinkoffChat" */ = {
			isa = XCConfigurationList;
			buildConfigurations = (
				1CB91418220CC1C3002F1618 /* Debug */,
				1CB91419220CC1C3002F1618 /* Release */,
			);
			defaultConfigurationIsVisible = 0;
			defaultConfigurationName = Release;
		};
		1CB9141A220CC1C3002F1618 /* Build configuration list for PBXNativeTarget "TinkoffChat" */ = {
			isa = XCConfigurationList;
			buildConfigurations = (
				1CB9141B220CC1C3002F1618 /* Debug */,
				1CB9141C220CC1C3002F1618 /* Release */,
			);
			defaultConfigurationIsVisible = 0;
			defaultConfigurationName = Release;
		};
/* End XCConfigurationList section */

/* Begin XCVersionGroup section */
		1CB9140F220CC1C3002F1618 /* TinkoffChat.xcdatamodeld */ = {
			isa = XCVersionGroup;
			children = (
				1CB91410220CC1C3002F1618 /* TinkoffChat.xcdatamodel */,
			);
			currentVersion = 1CB91410220CC1C3002F1618 /* TinkoffChat.xcdatamodel */;
			path = TinkoffChat.xcdatamodeld;
			sourceTree = "<group>";
			versionGroupType = wrapper.xcdatamodel;
		};
/* End XCVersionGroup section */
	};
	rootObject = 1CB913FD220CC1C3002F1618 /* Project object */;
}
